// !$*UTF8*$!
{
	archiveVersion = 1;
	classes = {
	};
	objectVersion = 56;
	objects = {

/* Begin PBXBuildFile section */
		098ACDEF29C456FD006E4638 /* SpaceXApp.swift in Sources */ = {isa = PBXBuildFile; fileRef = 098ACDEE29C456FD006E4638 /* SpaceXApp.swift */; };
		098ACDF129C456FD006E4638 /* RocketList.swift in Sources */ = {isa = PBXBuildFile; fileRef = 098ACDF029C456FD006E4638 /* RocketList.swift */; };
		098ACDF329C456FE006E4638 /* Assets.xcassets in Resources */ = {isa = PBXBuildFile; fileRef = 098ACDF229C456FE006E4638 /* Assets.xcassets */; };
		098ACDF629C456FE006E4638 /* Preview Assets.xcassets in Resources */ = {isa = PBXBuildFile; fileRef = 098ACDF529C456FE006E4638 /* Preview Assets.xcassets */; };
		098ACE0029C456FE006E4638 /* SpaceXTests.swift in Sources */ = {isa = PBXBuildFile; fileRef = 098ACDFF29C456FE006E4638 /* SpaceXTests.swift */; };
		098ACE1A29C45AA8006E4638 /* ComposableArchitecture in Frameworks */ = {isa = PBXBuildFile; productRef = 098ACE1929C45AA8006E4638 /* ComposableArchitecture */; };
		098ACE1C29C47114006E4638 /* ApiClient.swift in Sources */ = {isa = PBXBuildFile; fileRef = 098ACE1B29C47114006E4638 /* ApiClient.swift */; };
		098ACE1E29C47159006E4638 /* Rocket.swift in Sources */ = {isa = PBXBuildFile; fileRef = 098ACE1D29C47159006E4638 /* Rocket.swift */; };
		098ACE2929C493D5006E4638 /* Date+Convenience.swift in Sources */ = {isa = PBXBuildFile; fileRef = 098ACE2829C493D5006E4638 /* Date+Convenience.swift */; };
		098ACE2B29C49917006E4638 /* String+Error.swift in Sources */ = {isa = PBXBuildFile; fileRef = 098ACE2A29C49917006E4638 /* String+Error.swift */; };
		098ACE2D29C49C40006E4638 /* RocketDetail.swift in Sources */ = {isa = PBXBuildFile; fileRef = 098ACE2C29C49C40006E4638 /* RocketDetail.swift */; };
		098ACE3029C4A09A006E4638 /* SwiftUINavigation in Frameworks */ = {isa = PBXBuildFile; productRef = 098ACE2F29C4A09A006E4638 /* SwiftUINavigation */; };
/* End PBXBuildFile section */

/* Begin PBXContainerItemProxy section */
		098ACDFC29C456FE006E4638 /* PBXContainerItemProxy */ = {
			isa = PBXContainerItemProxy;
			containerPortal = 098ACDE329C456FD006E4638 /* Project object */;
			proxyType = 1;
			remoteGlobalIDString = 098ACDEA29C456FD006E4638;
			remoteInfo = SpaceX;
		};
/* End PBXContainerItemProxy section */

/* Begin PBXFileReference section */
		098ACDEB29C456FD006E4638 /* SpaceX.app */ = {isa = PBXFileReference; explicitFileType = wrapper.application; includeInIndex = 0; path = SpaceX.app; sourceTree = BUILT_PRODUCTS_DIR; };
		098ACDEE29C456FD006E4638 /* SpaceXApp.swift */ = {isa = PBXFileReference; lastKnownFileType = sourcecode.swift; path = SpaceXApp.swift; sourceTree = "<group>"; };
		098ACDF029C456FD006E4638 /* RocketList.swift */ = {isa = PBXFileReference; lastKnownFileType = sourcecode.swift; path = RocketList.swift; sourceTree = "<group>"; };
		098ACDF229C456FE006E4638 /* Assets.xcassets */ = {isa = PBXFileReference; lastKnownFileType = folder.assetcatalog; path = Assets.xcassets; sourceTree = "<group>"; };
		098ACDF529C456FE006E4638 /* Preview Assets.xcassets */ = {isa = PBXFileReference; lastKnownFileType = folder.assetcatalog; path = "Preview Assets.xcassets"; sourceTree = "<group>"; };
		098ACDFB29C456FE006E4638 /* SpaceXTests.xctest */ = {isa = PBXFileReference; explicitFileType = wrapper.cfbundle; includeInIndex = 0; path = SpaceXTests.xctest; sourceTree = BUILT_PRODUCTS_DIR; };
		098ACDFF29C456FE006E4638 /* SpaceXTests.swift */ = {isa = PBXFileReference; lastKnownFileType = sourcecode.swift; path = SpaceXTests.swift; sourceTree = "<group>"; };
		098ACE1B29C47114006E4638 /* ApiClient.swift */ = {isa = PBXFileReference; lastKnownFileType = sourcecode.swift; path = ApiClient.swift; sourceTree = "<group>"; };
		098ACE1D29C47159006E4638 /* Rocket.swift */ = {isa = PBXFileReference; lastKnownFileType = sourcecode.swift; path = Rocket.swift; sourceTree = "<group>"; };
		098ACE2829C493D5006E4638 /* Date+Convenience.swift */ = {isa = PBXFileReference; lastKnownFileType = sourcecode.swift; path = "Date+Convenience.swift"; sourceTree = "<group>"; };
		098ACE2A29C49917006E4638 /* String+Error.swift */ = {isa = PBXFileReference; lastKnownFileType = sourcecode.swift; path = "String+Error.swift"; sourceTree = "<group>"; };
		098ACE2C29C49C40006E4638 /* RocketDetail.swift */ = {isa = PBXFileReference; lastKnownFileType = sourcecode.swift; path = RocketDetail.swift; sourceTree = "<group>"; };
/* End PBXFileReference section */

/* Begin PBXFrameworksBuildPhase section */
		098ACDE829C456FD006E4638 /* Frameworks */ = {
			isa = PBXFrameworksBuildPhase;
			buildActionMask = 2147483647;
			files = (
				098ACE3029C4A09A006E4638 /* SwiftUINavigation in Frameworks */,
				098ACE1A29C45AA8006E4638 /* ComposableArchitecture in Frameworks */,
			);
			runOnlyForDeploymentPostprocessing = 0;
		};
		098ACDF829C456FE006E4638 /* Frameworks */ = {
			isa = PBXFrameworksBuildPhase;
			buildActionMask = 2147483647;
			files = (
			);
			runOnlyForDeploymentPostprocessing = 0;
		};
/* End PBXFrameworksBuildPhase section */

/* Begin PBXGroup section */
		098ACDE229C456FD006E4638 = {
			isa = PBXGroup;
			children = (
				098ACDED29C456FD006E4638 /* SpaceX */,
				098ACDFE29C456FE006E4638 /* SpaceXTests */,
				098ACDEC29C456FD006E4638 /* Products */,
			);
			sourceTree = "<group>";
		};
		098ACDEC29C456FD006E4638 /* Products */ = {
			isa = PBXGroup;
			children = (
				098ACDEB29C456FD006E4638 /* SpaceX.app */,
				098ACDFB29C456FE006E4638 /* SpaceXTests.xctest */,
			);
			name = Products;
			sourceTree = "<group>";
		};
		098ACDED29C456FD006E4638 /* SpaceX */ = {
			isa = PBXGroup;
			children = (
				098ACE2529C471B7006E4638 /* App */,
				098ACE2629C493AD006E4638 /* Common */,
				098ACE2129C4717E006E4638 /* Features */,
				098ACE2029C47171006E4638 /* Networking */,
				098ACE1F29C47161006E4638 /* Model */,
				098ACDF229C456FE006E4638 /* Assets.xcassets */,
				098ACDF429C456FE006E4638 /* Preview Content */,
			);
			path = SpaceX;
			sourceTree = "<group>";
		};
		098ACDF429C456FE006E4638 /* Preview Content */ = {
			isa = PBXGroup;
			children = (
				098ACDF529C456FE006E4638 /* Preview Assets.xcassets */,
			);
			path = "Preview Content";
			sourceTree = "<group>";
		};
		098ACDFE29C456FE006E4638 /* SpaceXTests */ = {
			isa = PBXGroup;
			children = (
				098ACDFF29C456FE006E4638 /* SpaceXTests.swift */,
			);
			path = SpaceXTests;
			sourceTree = "<group>";
		};
		098ACE1F29C47161006E4638 /* Model */ = {
			isa = PBXGroup;
			children = (
				098ACE1D29C47159006E4638 /* Rocket.swift */,
			);
			path = Model;
			sourceTree = "<group>";
		};
		098ACE2029C47171006E4638 /* Networking */ = {
			isa = PBXGroup;
			children = (
				098ACE1B29C47114006E4638 /* ApiClient.swift */,
			);
			path = Networking;
			sourceTree = "<group>";
		};
		098ACE2129C4717E006E4638 /* Features */ = {
			isa = PBXGroup;
			children = (
				098ACE2229C47185006E4638 /* RocketList */,
				098ACE2329C4719F006E4638 /* RocketDetail */,
				098ACE2429C471A7006E4638 /* RocketLaunch */,
			);
			path = Features;
			sourceTree = "<group>";
		};
		098ACE2229C47185006E4638 /* RocketList */ = {
			isa = PBXGroup;
			children = (
				098ACDF029C456FD006E4638 /* RocketList.swift */,
			);
			path = RocketList;
			sourceTree = "<group>";
		};
		098ACE2329C4719F006E4638 /* RocketDetail */ = {
			isa = PBXGroup;
			children = (
				098ACE2C29C49C40006E4638 /* RocketDetail.swift */,
			);
			path = RocketDetail;
			sourceTree = "<group>";
		};
		098ACE2429C471A7006E4638 /* RocketLaunch */ = {
			isa = PBXGroup;
			children = (
			);
			path = RocketLaunch;
			sourceTree = "<group>";
		};
		098ACE2529C471B7006E4638 /* App */ = {
			isa = PBXGroup;
			children = (
				098ACDEE29C456FD006E4638 /* SpaceXApp.swift */,
			);
			path = App;
			sourceTree = "<group>";
		};
		098ACE2629C493AD006E4638 /* Common */ = {
			isa = PBXGroup;
			children = (
				098ACE2729C493B8006E4638 /* Extensions */,
			);
			path = Common;
			sourceTree = "<group>";
		};
		098ACE2729C493B8006E4638 /* Extensions */ = {
			isa = PBXGroup;
			children = (
				098ACE2829C493D5006E4638 /* Date+Convenience.swift */,
				098ACE2A29C49917006E4638 /* String+Error.swift */,
			);
			path = Extensions;
			sourceTree = "<group>";
		};
/* End PBXGroup section */

/* Begin PBXNativeTarget section */
		098ACDEA29C456FD006E4638 /* SpaceX */ = {
			isa = PBXNativeTarget;
			buildConfigurationList = 098ACE0F29C456FE006E4638 /* Build configuration list for PBXNativeTarget "SpaceX" */;
			buildPhases = (
				098ACDE729C456FD006E4638 /* Sources */,
				098ACDE829C456FD006E4638 /* Frameworks */,
				098ACDE929C456FD006E4638 /* Resources */,
			);
			buildRules = (
			);
			dependencies = (
			);
			name = SpaceX;
			packageProductDependencies = (
				098ACE1929C45AA8006E4638 /* ComposableArchitecture */,
				098ACE2F29C4A09A006E4638 /* SwiftUINavigation */,
			);
			productName = SpaceX;
			productReference = 098ACDEB29C456FD006E4638 /* SpaceX.app */;
			productType = "com.apple.product-type.application";
		};
		098ACDFA29C456FE006E4638 /* SpaceXTests */ = {
			isa = PBXNativeTarget;
			buildConfigurationList = 098ACE1229C456FE006E4638 /* Build configuration list for PBXNativeTarget "SpaceXTests" */;
			buildPhases = (
				098ACDF729C456FE006E4638 /* Sources */,
				098ACDF829C456FE006E4638 /* Frameworks */,
				098ACDF929C456FE006E4638 /* Resources */,
			);
			buildRules = (
			);
			dependencies = (
				098ACDFD29C456FE006E4638 /* PBXTargetDependency */,
			);
			name = SpaceXTests;
			productName = SpaceXTests;
			productReference = 098ACDFB29C456FE006E4638 /* SpaceXTests.xctest */;
			productType = "com.apple.product-type.bundle.unit-test";
		};
/* End PBXNativeTarget section */

/* Begin PBXProject section */
		098ACDE329C456FD006E4638 /* Project object */ = {
			isa = PBXProject;
			attributes = {
				BuildIndependentTargetsInParallel = 1;
				LastSwiftUpdateCheck = 1420;
				LastUpgradeCheck = 1420;
				TargetAttributes = {
					098ACDEA29C456FD006E4638 = {
						CreatedOnToolsVersion = 14.2;
					};
					098ACDFA29C456FE006E4638 = {
						CreatedOnToolsVersion = 14.2;
						TestTargetID = 098ACDEA29C456FD006E4638;
					};
				};
			};
			buildConfigurationList = 098ACDE629C456FD006E4638 /* Build configuration list for PBXProject "SpaceX" */;
			compatibilityVersion = "Xcode 14.0";
			developmentRegion = en;
			hasScannedForEncodings = 0;
			knownRegions = (
				en,
				Base,
			);
			mainGroup = 098ACDE229C456FD006E4638;
			packageReferences = (
				098ACE1829C45AA8006E4638 /* XCRemoteSwiftPackageReference "swift-composable-architecture" */,
				098ACE2E29C4A09A006E4638 /* XCRemoteSwiftPackageReference "swiftui-navigation" */,
			);
			productRefGroup = 098ACDEC29C456FD006E4638 /* Products */;
			projectDirPath = "";
			projectRoot = "";
			targets = (
				098ACDEA29C456FD006E4638 /* SpaceX */,
				098ACDFA29C456FE006E4638 /* SpaceXTests */,
			);
		};
/* End PBXProject section */

/* Begin PBXResourcesBuildPhase section */
		098ACDE929C456FD006E4638 /* Resources */ = {
			isa = PBXResourcesBuildPhase;
			buildActionMask = 2147483647;
			files = (
				098ACDF629C456FE006E4638 /* Preview Assets.xcassets in Resources */,
				098ACDF329C456FE006E4638 /* Assets.xcassets in Resources */,
			);
			runOnlyForDeploymentPostprocessing = 0;
		};
		098ACDF929C456FE006E4638 /* Resources */ = {
			isa = PBXResourcesBuildPhase;
			buildActionMask = 2147483647;
			files = (
			);
			runOnlyForDeploymentPostprocessing = 0;
		};
/* End PBXResourcesBuildPhase section */

/* Begin PBXSourcesBuildPhase section */
		098ACDE729C456FD006E4638 /* Sources */ = {
			isa = PBXSourcesBuildPhase;
			buildActionMask = 2147483647;
			files = (
				098ACDF129C456FD006E4638 /* RocketList.swift in Sources */,
				098ACE2D29C49C40006E4638 /* RocketDetail.swift in Sources */,
				098ACE2B29C49917006E4638 /* String+Error.swift in Sources */,
				098ACDEF29C456FD006E4638 /* SpaceXApp.swift in Sources */,
				098ACE1C29C47114006E4638 /* ApiClient.swift in Sources */,
				098ACE2929C493D5006E4638 /* Date+Convenience.swift in Sources */,
				098ACE1E29C47159006E4638 /* Rocket.swift in Sources */,
			);
			runOnlyForDeploymentPostprocessing = 0;
		};
		098ACDF729C456FE006E4638 /* Sources */ = {
			isa = PBXSourcesBuildPhase;
			buildActionMask = 2147483647;
			files = (
				098ACE0029C456FE006E4638 /* SpaceXTests.swift in Sources */,
			);
			runOnlyForDeploymentPostprocessing = 0;
		};
/* End PBXSourcesBuildPhase section */

/* Begin PBXTargetDependency section */
		098ACDFD29C456FE006E4638 /* PBXTargetDependency */ = {
			isa = PBXTargetDependency;
			target = 098ACDEA29C456FD006E4638 /* SpaceX */;
			targetProxy = 098ACDFC29C456FE006E4638 /* PBXContainerItemProxy */;
		};
/* End PBXTargetDependency section */

/* Begin XCBuildConfiguration section */
		098ACE0D29C456FE006E4638 /* Debug */ = {
			isa = XCBuildConfiguration;
			buildSettings = {
				ALWAYS_SEARCH_USER_PATHS = NO;
				CLANG_ANALYZER_NONNULL = YES;
				CLANG_ANALYZER_NUMBER_OBJECT_CONVERSION = YES_AGGRESSIVE;
				CLANG_CXX_LANGUAGE_STANDARD = "gnu++20";
				CLANG_ENABLE_MODULES = YES;
				CLANG_ENABLE_OBJC_ARC = YES;
				CLANG_ENABLE_OBJC_WEAK = YES;
				CLANG_WARN_BLOCK_CAPTURE_AUTORELEASING = YES;
				CLANG_WARN_BOOL_CONVERSION = YES;
				CLANG_WARN_COMMA = YES;
				CLANG_WARN_CONSTANT_CONVERSION = YES;
				CLANG_WARN_DEPRECATED_OBJC_IMPLEMENTATIONS = YES;
				CLANG_WARN_DIRECT_OBJC_ISA_USAGE = YES_ERROR;
				CLANG_WARN_DOCUMENTATION_COMMENTS = YES;
				CLANG_WARN_EMPTY_BODY = YES;
				CLANG_WARN_ENUM_CONVERSION = YES;
				CLANG_WARN_INFINITE_RECURSION = YES;
				CLANG_WARN_INT_CONVERSION = YES;
				CLANG_WARN_NON_LITERAL_NULL_CONVERSION = YES;
				CLANG_WARN_OBJC_IMPLICIT_RETAIN_SELF = YES;
				CLANG_WARN_OBJC_LITERAL_CONVERSION = YES;
				CLANG_WARN_OBJC_ROOT_CLASS = YES_ERROR;
				CLANG_WARN_QUOTED_INCLUDE_IN_FRAMEWORK_HEADER = YES;
				CLANG_WARN_RANGE_LOOP_ANALYSIS = YES;
				CLANG_WARN_STRICT_PROTOTYPES = YES;
				CLANG_WARN_SUSPICIOUS_MOVE = YES;
				CLANG_WARN_UNGUARDED_AVAILABILITY = YES_AGGRESSIVE;
				CLANG_WARN_UNREACHABLE_CODE = YES;
				CLANG_WARN__DUPLICATE_METHOD_MATCH = YES;
				COPY_PHASE_STRIP = NO;
				DEBUG_INFORMATION_FORMAT = dwarf;
				ENABLE_STRICT_OBJC_MSGSEND = YES;
				ENABLE_TESTABILITY = YES;
				GCC_C_LANGUAGE_STANDARD = gnu11;
				GCC_DYNAMIC_NO_PIC = NO;
				GCC_NO_COMMON_BLOCKS = YES;
				GCC_OPTIMIZATION_LEVEL = 0;
				GCC_PREPROCESSOR_DEFINITIONS = (
					"DEBUG=1",
					"$(inherited)",
				);
				GCC_WARN_64_TO_32_BIT_CONVERSION = YES;
				GCC_WARN_ABOUT_RETURN_TYPE = YES_ERROR;
				GCC_WARN_UNDECLARED_SELECTOR = YES;
				GCC_WARN_UNINITIALIZED_AUTOS = YES_AGGRESSIVE;
				GCC_WARN_UNUSED_FUNCTION = YES;
				GCC_WARN_UNUSED_VARIABLE = YES;
				IPHONEOS_DEPLOYMENT_TARGET = 16.2;
				MTL_ENABLE_DEBUG_INFO = INCLUDE_SOURCE;
				MTL_FAST_MATH = YES;
				ONLY_ACTIVE_ARCH = YES;
				SDKROOT = iphoneos;
				SWIFT_ACTIVE_COMPILATION_CONDITIONS = DEBUG;
				SWIFT_OPTIMIZATION_LEVEL = "-Onone";
			};
			name = Debug;
		};
		098ACE0E29C456FE006E4638 /* Release */ = {
			isa = XCBuildConfiguration;
			buildSettings = {
				ALWAYS_SEARCH_USER_PATHS = NO;
				CLANG_ANALYZER_NONNULL = YES;
				CLANG_ANALYZER_NUMBER_OBJECT_CONVERSION = YES_AGGRESSIVE;
				CLANG_CXX_LANGUAGE_STANDARD = "gnu++20";
				CLANG_ENABLE_MODULES = YES;
				CLANG_ENABLE_OBJC_ARC = YES;
				CLANG_ENABLE_OBJC_WEAK = YES;
				CLANG_WARN_BLOCK_CAPTURE_AUTORELEASING = YES;
				CLANG_WARN_BOOL_CONVERSION = YES;
				CLANG_WARN_COMMA = YES;
				CLANG_WARN_CONSTANT_CONVERSION = YES;
				CLANG_WARN_DEPRECATED_OBJC_IMPLEMENTATIONS = YES;
				CLANG_WARN_DIRECT_OBJC_ISA_USAGE = YES_ERROR;
				CLANG_WARN_DOCUMENTATION_COMMENTS = YES;
				CLANG_WARN_EMPTY_BODY = YES;
				CLANG_WARN_ENUM_CONVERSION = YES;
				CLANG_WARN_INFINITE_RECURSION = YES;
				CLANG_WARN_INT_CONVERSION = YES;
				CLANG_WARN_NON_LITERAL_NULL_CONVERSION = YES;
				CLANG_WARN_OBJC_IMPLICIT_RETAIN_SELF = YES;
				CLANG_WARN_OBJC_LITERAL_CONVERSION = YES;
				CLANG_WARN_OBJC_ROOT_CLASS = YES_ERROR;
				CLANG_WARN_QUOTED_INCLUDE_IN_FRAMEWORK_HEADER = YES;
				CLANG_WARN_RANGE_LOOP_ANALYSIS = YES;
				CLANG_WARN_STRICT_PROTOTYPES = YES;
				CLANG_WARN_SUSPICIOUS_MOVE = YES;
				CLANG_WARN_UNGUARDED_AVAILABILITY = YES_AGGRESSIVE;
				CLANG_WARN_UNREACHABLE_CODE = YES;
				CLANG_WARN__DUPLICATE_METHOD_MATCH = YES;
				COPY_PHASE_STRIP = NO;
				DEBUG_INFORMATION_FORMAT = "dwarf-with-dsym";
				ENABLE_NS_ASSERTIONS = NO;
				ENABLE_STRICT_OBJC_MSGSEND = YES;
				GCC_C_LANGUAGE_STANDARD = gnu11;
				GCC_NO_COMMON_BLOCKS = YES;
				GCC_WARN_64_TO_32_BIT_CONVERSION = YES;
				GCC_WARN_ABOUT_RETURN_TYPE = YES_ERROR;
				GCC_WARN_UNDECLARED_SELECTOR = YES;
				GCC_WARN_UNINITIALIZED_AUTOS = YES_AGGRESSIVE;
				GCC_WARN_UNUSED_FUNCTION = YES;
				GCC_WARN_UNUSED_VARIABLE = YES;
				IPHONEOS_DEPLOYMENT_TARGET = 16.2;
				MTL_ENABLE_DEBUG_INFO = NO;
				MTL_FAST_MATH = YES;
				SDKROOT = iphoneos;
				SWIFT_COMPILATION_MODE = wholemodule;
				SWIFT_OPTIMIZATION_LEVEL = "-O";
				VALIDATE_PRODUCT = YES;
			};
			name = Release;
		};
		098ACE1029C456FE006E4638 /* Debug */ = {
			isa = XCBuildConfiguration;
			buildSettings = {
				ASSETCATALOG_COMPILER_APPICON_NAME = AppIcon;
				ASSETCATALOG_COMPILER_GLOBAL_ACCENT_COLOR_NAME = AccentColor;
				CODE_SIGN_STYLE = Automatic;
				CURRENT_PROJECT_VERSION = 1;
				DEVELOPMENT_ASSET_PATHS = "\"SpaceX/Preview Content\"";
				DEVELOPMENT_TEAM = 23HVUS5J88;
				ENABLE_PREVIEWS = YES;
				GENERATE_INFOPLIST_FILE = YES;
				INFOPLIST_KEY_UIApplicationSceneManifest_Generation = YES;
				INFOPLIST_KEY_UIApplicationSupportsIndirectInputEvents = YES;
				INFOPLIST_KEY_UILaunchScreen_Generation = YES;
				INFOPLIST_KEY_UISupportedInterfaceOrientations_iPad = "UIInterfaceOrientationPortrait UIInterfaceOrientationPortraitUpsideDown UIInterfaceOrientationLandscapeLeft UIInterfaceOrientationLandscapeRight";
				INFOPLIST_KEY_UISupportedInterfaceOrientations_iPhone = "UIInterfaceOrientationPortrait UIInterfaceOrientationLandscapeLeft UIInterfaceOrientationLandscapeRight";
				LD_RUNPATH_SEARCH_PATHS = (
					"$(inherited)",
					"@executable_path/Frameworks",
				);
				MARKETING_VERSION = 1.0;
				PRODUCT_BUNDLE_IDENTIFIER = cz.majdl.SpaceX;
				PRODUCT_NAME = "$(TARGET_NAME)";
				SWIFT_EMIT_LOC_STRINGS = YES;
				SWIFT_VERSION = 5.0;
				TARGETED_DEVICE_FAMILY = "1,2";
			};
			name = Debug;
		};
		098ACE1129C456FE006E4638 /* Release */ = {
			isa = XCBuildConfiguration;
			buildSettings = {
				ASSETCATALOG_COMPILER_APPICON_NAME = AppIcon;
				ASSETCATALOG_COMPILER_GLOBAL_ACCENT_COLOR_NAME = AccentColor;
				CODE_SIGN_STYLE = Automatic;
				CURRENT_PROJECT_VERSION = 1;
				DEVELOPMENT_ASSET_PATHS = "\"SpaceX/Preview Content\"";
				DEVELOPMENT_TEAM = 23HVUS5J88;
				ENABLE_PREVIEWS = YES;
				GENERATE_INFOPLIST_FILE = YES;
				INFOPLIST_KEY_UIApplicationSceneManifest_Generation = YES;
				INFOPLIST_KEY_UIApplicationSupportsIndirectInputEvents = YES;
				INFOPLIST_KEY_UILaunchScreen_Generation = YES;
				INFOPLIST_KEY_UISupportedInterfaceOrientations_iPad = "UIInterfaceOrientationPortrait UIInterfaceOrientationPortraitUpsideDown UIInterfaceOrientationLandscapeLeft UIInterfaceOrientationLandscapeRight";
				INFOPLIST_KEY_UISupportedInterfaceOrientations_iPhone = "UIInterfaceOrientationPortrait UIInterfaceOrientationLandscapeLeft UIInterfaceOrientationLandscapeRight";
				LD_RUNPATH_SEARCH_PATHS = (
					"$(inherited)",
					"@executable_path/Frameworks",
				);
				MARKETING_VERSION = 1.0;
				PRODUCT_BUNDLE_IDENTIFIER = cz.majdl.SpaceX;
				PRODUCT_NAME = "$(TARGET_NAME)";
				SWIFT_EMIT_LOC_STRINGS = YES;
				SWIFT_VERSION = 5.0;
				TARGETED_DEVICE_FAMILY = "1,2";
			};
			name = Release;
		};
		098ACE1329C456FE006E4638 /* Debug */ = {
			isa = XCBuildConfiguration;
			buildSettings = {
				ALWAYS_EMBED_SWIFT_STANDARD_LIBRARIES = YES;
				BUNDLE_LOADER = "$(TEST_HOST)";
				CODE_SIGN_STYLE = Automatic;
				CURRENT_PROJECT_VERSION = 1;
				DEVELOPMENT_TEAM = 23HVUS5J88;
				GENERATE_INFOPLIST_FILE = YES;
				IPHONEOS_DEPLOYMENT_TARGET = 16.2;
				MARKETING_VERSION = 1.0;
				PRODUCT_BUNDLE_IDENTIFIER = cz.majdl.SpaceXTests;
				PRODUCT_NAME = "$(TARGET_NAME)";
				SWIFT_EMIT_LOC_STRINGS = NO;
				SWIFT_VERSION = 5.0;
				TARGETED_DEVICE_FAMILY = "1,2";
				TEST_HOST = "$(BUILT_PRODUCTS_DIR)/SpaceX.app/$(BUNDLE_EXECUTABLE_FOLDER_PATH)/SpaceX";
			};
			name = Debug;
		};
		098ACE1429C456FE006E4638 /* Release */ = {
			isa = XCBuildConfiguration;
			buildSettings = {
				ALWAYS_EMBED_SWIFT_STANDARD_LIBRARIES = YES;
				BUNDLE_LOADER = "$(TEST_HOST)";
				CODE_SIGN_STYLE = Automatic;
				CURRENT_PROJECT_VERSION = 1;
				DEVELOPMENT_TEAM = 23HVUS5J88;
				GENERATE_INFOPLIST_FILE = YES;
				IPHONEOS_DEPLOYMENT_TARGET = 16.2;
				MARKETING_VERSION = 1.0;
				PRODUCT_BUNDLE_IDENTIFIER = cz.majdl.SpaceXTests;
				PRODUCT_NAME = "$(TARGET_NAME)";
				SWIFT_EMIT_LOC_STRINGS = NO;
				SWIFT_VERSION = 5.0;
				TARGETED_DEVICE_FAMILY = "1,2";
				TEST_HOST = "$(BUILT_PRODUCTS_DIR)/SpaceX.app/$(BUNDLE_EXECUTABLE_FOLDER_PATH)/SpaceX";
			};
			name = Release;
		};
/* End XCBuildConfiguration section */

/* Begin XCConfigurationList section */
		098ACDE629C456FD006E4638 /* Build configuration list for PBXProject "SpaceX" */ = {
			isa = XCConfigurationList;
			buildConfigurations = (
				098ACE0D29C456FE006E4638 /* Debug */,
				098ACE0E29C456FE006E4638 /* Release */,
			);
			defaultConfigurationIsVisible = 0;
			defaultConfigurationName = Release;
		};
		098ACE0F29C456FE006E4638 /* Build configuration list for PBXNativeTarget "SpaceX" */ = {
			isa = XCConfigurationList;
			buildConfigurations = (
				098ACE1029C456FE006E4638 /* Debug */,
				098ACE1129C456FE006E4638 /* Release */,
			);
			defaultConfigurationIsVisible = 0;
			defaultConfigurationName = Release;
		};
		098ACE1229C456FE006E4638 /* Build configuration list for PBXNativeTarget "SpaceXTests" */ = {
			isa = XCConfigurationList;
			buildConfigurations = (
				098ACE1329C456FE006E4638 /* Debug */,
				098ACE1429C456FE006E4638 /* Release */,
			);
			defaultConfigurationIsVisible = 0;
			defaultConfigurationName = Release;
		};
/* End XCConfigurationList section */

/* Begin XCRemoteSwiftPackageReference section */
		098ACE1829C45AA8006E4638 /* XCRemoteSwiftPackageReference "swift-composable-architecture" */ = {
			isa = XCRemoteSwiftPackageReference;
			repositoryURL = "https://github.com/pointfreeco/swift-composable-architecture";
			requirement = {
				branch = prerelease/1.0;
				kind = branch;
			};
		};
		098ACE2E29C4A09A006E4638 /* XCRemoteSwiftPackageReference "swiftui-navigation" */ = {
			isa = XCRemoteSwiftPackageReference;
			repositoryURL = "https://github.com/pointfreeco/swiftui-navigation";
			requirement = {
				kind = upToNextMajorVersion;
				minimumVersion = 0.7.1;
			};
		};
/* End XCRemoteSwiftPackageReference section */

/* Begin XCSwiftPackageProductDependency section */
		098ACE1929C45AA8006E4638 /* ComposableArchitecture */ = {
			isa = XCSwiftPackageProductDependency;
			package = 098ACE1829C45AA8006E4638 /* XCRemoteSwiftPackageReference "swift-composable-architecture" */;
			productName = ComposableArchitecture;
		};
		098ACE2F29C4A09A006E4638 /* SwiftUINavigation */ = {
			isa = XCSwiftPackageProductDependency;
			package = 098ACE2E29C4A09A006E4638 /* XCRemoteSwiftPackageReference "swiftui-navigation" */;
			productName = SwiftUINavigation;
		};
/* End XCSwiftPackageProductDependency section */
	};
	rootObject = 098ACDE329C456FD006E4638 /* Project object */;
}
